
Microsoft Visual Studio Solution File, Format Version 12.00
# Visual Studio Version 17
VisualStudioVersion = 17.1.32228.430
MinimumVisualStudioVersion = 10.0.40219.1
Project("{FAE04EC0-301F-11D3-BF4B-00C04F79EFBC}") = "Tugas-1", "Tugas-1\Tugas-1.csproj", "{F356FCFA-F2EA-4180-9FE8-159CF3CDFA28}"
EndProject
Global
	GlobalSection(SolutionConfigurationPlatforms) = preSolution
		Debug|Any CPU = Debug|Any CPU
		Release|Any CPU = Release|Any CPU
	EndGlobalSection
	GlobalSection(ProjectConfigurationPlatforms) = postSolution
		{F356FCFA-F2EA-4180-9FE8-159CF3CDFA28}.Debug|Any CPU.ActiveCfg = Debug|Any CPU
		{F356FCFA-F2EA-4180-9FE8-159CF3CDFA28}.Debug|Any CPU.Build.0 = Debug|Any CPU
		{F356FCFA-F2EA-4180-9FE8-159CF3CDFA28}.Release|Any CPU.ActiveCfg = Release|Any CPU
		{F356FCFA-F2EA-4180-9FE8-159CF3CDFA28}.Release|Any CPU.Build.0 = Release|Any CPU
	EndGlobalSection
	GlobalSection(SolutionProperties) = preSolution
		HideSolutionNode = FALSE
	EndGlobalSection
	GlobalSection(ExtensibilityGlobals) = postSolution
		SolutionGuid = {5039647A-6052-4E97-B6AE-D99490D787D6}
	EndGlobalSection
EndGlobal
